{
  "lockfile_version": "1",
  "packages": {
    "gcc@latest": {
      "last_modified": "2025-11-23T21:50:36Z",
      "resolved": "github:NixOS/nixpkgs/ee09932cedcef15aaf476f9343d1dea2cb77e261#gcc15",
      "source": "devbox-search",
      "version": "15.2.0",
      "systems": {
        "aarch64-darwin": {
          "outputs": [
            {
              "name": "out",
              "path": "/nix/store/10c1v61i0srsfrygar8lff6m04i0f87r-gcc-wrapper-15.2.0",
              "default": true
            },
            {
              "name": "man",
              "path": "/nix/store/ry1wn2cchv5nhqz1fjlfvjbzri9bqsfi-gcc-wrapper-15.2.0-man",
              "default": true
            },
            {
              "name": "info",
              "path": "/nix/store/0px8m9jkrr8bw9z9blvakxbn8ai1y3z4-gcc-wrapper-15.2.0-info"
            }
          ],
          "store_path": "/nix/store/10c1v61i0srsfrygar8lff6m04i0f87r-gcc-wrapper-15.2.0"
        },
        "aarch64-linux": {
          "outputs": [
            {
              "name": "out",
              "path": "/nix/store/sfbljndjwpaxpjlcqb1ijbwl5mrhg275-gcc-wrapper-15.2.0",
              "default": true
            },
            {
              "name": "man",
              "path": "/nix/store/n2yiyrp77gxvkymg89h3sc3jrwy2bsxw-gcc-wrapper-15.2.0-man",
              "default": true
            },
            {
              "name": "info",
              "path": "/nix/store/yvzyq172na36p1nci7qv8x9jf9k4jmkg-gcc-wrapper-15.2.0-info"
            }
          ],
          "store_path": "/nix/store/sfbljndjwpaxpjlcqb1ijbwl5mrhg275-gcc-wrapper-15.2.0"
        },
        "x86_64-darwin": {
          "outputs": [
            {
              "name": "out",
              "path": "/nix/store/an9sir2scyhjnj0nd46x9hmgwkzhlv37-gcc-wrapper-15.2.0",
              "default": true
            },
            {
              "name": "man",
              "path": "/nix/store/r35c3ssh1gwmp15xnz1jbihgzv7hpbrp-gcc-wrapper-15.2.0-man",
              "default": true
            },
            {
              "name": "info",
              "path": "/nix/store/3d8mkahyxfdm5780hr93npjqvcngj7cw-gcc-wrapper-15.2.0-info"
            }
          ],
          "store_path": "/nix/store/an9sir2scyhjnj0nd46x9hmgwkzhlv37-gcc-wrapper-15.2.0"
        },
        "x86_64-linux": {
          "outputs": [
            {
              "name": "out",
              "path": "/nix/store/c0gzhvsgxrl8lwdy1q9qwyjzandqjw53-gcc-wrapper-15.2.0",
              "default": true
            },
            {
              "name": "man",
              "path": "/nix/store/5s05f2faclcqkwxwk4mypwgy4fms66wl-gcc-wrapper-15.2.0-man",
              "default": true
            },
            {
              "name": "info",
              "path": "/nix/store/hj8i63x845rcqacn7jiqqzcxfcwj169q-gcc-wrapper-15.2.0-info"
            }
          ],
          "store_path": "/nix/store/c0gzhvsgxrl8lwdy1q9qwyjzandqjw53-gcc-wrapper-15.2.0"
        }
      }
    },
    "github:NixOS/nixpkgs/nixpkgs-unstable": {
      "last_modified": "2025-12-26T11:10:58Z",
      "resolved": "github:NixOS/nixpkgs/c633f572eded8c4f3c75b8010129854ed404a6ce?lastModified=1766747458&narHash=sha256-m63jjuo%2Fygo8ztkCziYh5OOIbTSXUDkKbqw3Vuqu4a4%3D"
    },
    "glibcLocales@latest": {
      "last_modified": "2025-11-23T21:50:36Z",
      "resolved": "github:NixOS/nixpkgs/ee09932cedcef15aaf476f9343d1dea2cb77e261#glibcLocales",
      "source": "devbox-search",
      "version": "2.40-66",
      "systems": {
        "aarch64-linux": {
          "outputs": [
            {
              "name": "out",
              "path": "/nix/store/lhf8phvkgmlqr5ys1bgfr4g38b3l95kd-glibc-locales-2.40-66",
              "default": true
            }
          ],
          "store_path": "/nix/store/lhf8phvkgmlqr5ys1bgfr4g38b3l95kd-glibc-locales-2.40-66"
        },
        "x86_64-linux": {
          "outputs": [
            {
              "name": "out",
              "path": "/nix/store/hjlkypp9lpxwzsjycpy7nqg2mnl7qhzv-glibc-locales-2.40-66",
              "default": true
            }
          ],
          "store_path": "/nix/store/hjlkypp9lpxwzsjycpy7nqg2mnl7qhzv-glibc-locales-2.40-66"
        }
      }
    },
    "gnumake@latest": {
      "last_modified": "2025-12-17T01:17:14Z",
      "resolved": "github:NixOS/nixpkgs/af84f9d270d404c17699522fab95bbf928a2d92f#gnumake",
      "source": "devbox-search",
      "version": "4.4.1",
      "systems": {
        "aarch64-darwin": {
          "outputs": [
            {
              "name": "out",
              "path": "/nix/store/himpsafkr92afwx35m02cfqqkayjp7ab-gnumake-4.4.1",
              "default": true
            },
            {
              "name": "man",
              "path": "/nix/store/6k5xskz3ih6as6s431an4vfc8kygwb06-gnumake-4.4.1-man",
              "default": true
            },
            {
              "name": "info",
              "path": "/nix/store/j8pw4cw50ijq08zdnz6r5s0l8hwvi6y2-gnumake-4.4.1-info"
            }
          ],
          "store_path": "/nix/store/himpsafkr92afwx35m02cfqqkayjp7ab-gnumake-4.4.1"
        },
        "aarch64-linux": {
          "outputs": [
            {
              "name": "out",
              "path": "/nix/store/4as5z9sq13frzn76l4grs0x7jlhmp8a4-gnumake-4.4.1",
              "default": true
            },
            {
              "name": "man",
              "path": "/nix/store/c3p59qjacf7zlmivlhzly323wbmwiynn-gnumake-4.4.1-man",
              "default": true
            },
            {
              "name": "debug",
              "path": "/nix/store/bg7na4xrp92kc3w2xmpxck5rxab10by5-gnumake-4.4.1-debug"
            },
            {
              "name": "info",
              "path": "/nix/store/w974qs2b1p53l0xcxrm4va45ih5jjj1x-gnumake-4.4.1-info"
            }
          ],
          "store_path": "/nix/store/4as5z9sq13frzn76l4grs0x7jlhmp8a4-gnumake-4.4.1"
        },
        "x86_64-darwin": {
          "outputs": [
            {
              "name": "out",
              "path": "/nix/store/bc7w3vj6r09bi1izjnag31zw1s26bl3i-gnumake-4.4.1",
              "default": true
            },
            {
              "name": "man",
              "path": "/nix/store/70bpwla1zm4rzj3qh318qb0h3zg2k57x-gnumake-4.4.1-man",
              "default": true
            },
            {
              "name": "info",
              "path": "/nix/store/318jsjis2rp8rm5zpw936flpg90c4v20-gnumake-4.4.1-info"
            }
          ],
          "store_path": "/nix/store/bc7w3vj6r09bi1izjnag31zw1s26bl3i-gnumake-4.4.1"
        },
        "x86_64-linux": {
          "outputs": [
            {
              "name": "out",
              "path": "/nix/store/jlv0a6iyh8vb7pfyhjj93xy245xlmgh5-gnumake-4.4.1",
              "default": true
            },
            {
              "name": "man",
              "path": "/nix/store/66gca2ba1a5dd2pbwh3nc2fil96nzwb8-gnumake-4.4.1-man",
              "default": true
            },
            {
              "name": "debug",
              "path": "/nix/store/jyd69jw95fcsgnl9p5r6k3iycls32vsy-gnumake-4.4.1-debug"
            },
            {
              "name": "info",
              "path": "/nix/store/dm5rg41pkjr7g5khqivn5ddgdlzr2fvy-gnumake-4.4.1-info"
            }
          ],
          "store_path": "/nix/store/jlv0a6iyh8vb7pfyhjj93xy245xlmgh5-gnumake-4.4.1"
        }
      }
    },
    "libpq@latest": {
      "last_modified": "2025-12-21T10:48:17Z",
      "resolved": "github:NixOS/nixpkgs/306ea70f9eb0fb4e040f8540e2deab32ed7e2055#libpq",
      "source": "devbox-search",
      "version": "18.1",
      "systems": {
        "aarch64-darwin": {
          "outputs": [
            {
              "name": "out",
              "path": "/nix/store/1m0b012mc7p8kcimb5h9mq7jiaqs6l86-libpq-18.1",
              "default": true
            },
            {
              "name": "dev",
              "path": "/nix/store/a7aa8imzhdm72pwigcjdb7hfd4mjprkh-libpq-18.1-dev"
            }
          ],
          "store_path": "/nix/store/1m0b012mc7p8kcimb5h9mq7jiaqs6l86-libpq-18.1"
        },
        "aarch64-linux": {
          "outputs": [
            {
              "name": "out",
              "path": "/nix/store/lwncs3g052x1n9k7vw7f8x064vx47k3z-libpq-18.1",
              "default": true
            },
            {
              "name": "debug",
              "path": "/nix/store/dq2ymw1s3qwhlj8qc7a008caddbk16wk-libpq-18.1-debug"
            },
            {
              "name": "dev",
              "path": "/nix/store/ixqar24d9snxyds9gfva5nr0b315x50v-libpq-18.1-dev"
            }
          ],
          "store_path": "/nix/store/lwncs3g052x1n9k7vw7f8x064vx47k3z-libpq-18.1"
        },
        "x86_64-darwin": {
          "outputs": [
            {
              "name": "out",
              "path": "/nix/store/23ps41w8k1hpdj1szbabavjpg62312dx-libpq-18.1",
              "default": true
            },
            {
              "name": "dev",
              "path": "/nix/store/x8yvi2znr1dbhpqfy9ilpp4x0pdj7vlz-libpq-18.1-dev"
            }
          ],
          "store_path": "/nix/store/23ps41w8k1hpdj1szbabavjpg62312dx-libpq-18.1"
        },
        "x86_64-linux": {
          "outputs": [
            {
              "name": "out",
              "path": "/nix/store/g1klcq6jm7xy0312w1k6rbwczly2g63j-libpq-18.1",
              "default": true
            },
            {
              "name": "debug",
              "path": "/nix/store/vwmmw6dcb7n7n2j41qjv32zh36nc5scg-libpq-18.1-debug"
            },
            {
              "name": "dev",
              "path": "/nix/store/jbjsiyqgyc06j26faqa70fkna0spchg2-libpq-18.1-dev"
            }
          ],
          "store_path": "/nix/store/g1klcq6jm7xy0312w1k6rbwczly2g63j-libpq-18.1"
        }
      }
    },
    "libyaml.dev": {
      "resolved": "github:NixOS/nixpkgs/c633f572eded8c4f3c75b8010129854ed404a6ce?narHash=sha256-m63jjuo%2Fygo8ztkCziYh5OOIbTSXUDkKbqw3Vuqu4a4%3D#libyaml.dev",
      "source": "nixpkg"
    },
    "libyaml@latest": {
      "last_modified": "2025-11-23T21:50:36Z",
      "resolved": "github:NixOS/nixpkgs/ee09932cedcef15aaf476f9343d1dea2cb77e261#libyaml",
      "source": "devbox-search",
      "version": "0.2.5",
      "systems": {
        "aarch64-darwin": {
          "outputs": [
            {
              "name": "out",
              "path": "/nix/store/wxyx2v0n3161fp99fbwvfwn5as0ar9a4-libyaml-0.2.5",
              "default": true
            },
            {
              "name": "dev",
              "path": "/nix/store/cs0cgvwchwcrar646br5gypz4l1vl81s-libyaml-0.2.5-dev"
            }
          ],
          "store_path": "/nix/store/wxyx2v0n3161fp99fbwvfwn5as0ar9a4-libyaml-0.2.5"
        },
        "aarch64-linux": {
          "outputs": [
            {
              "name": "out",
              "path": "/nix/store/agw30m9f59nadpl9q9snrh0kcb2n3sna-libyaml-0.2.5",
              "default": true
            },
            {
              "name": "dev",
              "path": "/nix/store/r5a87zf925qqn5yi8i2iahmmg55ril0x-libyaml-0.2.5-dev"
            }
          ],
          "store_path": "/nix/store/agw30m9f59nadpl9q9snrh0kcb2n3sna-libyaml-0.2.5"
        },
        "x86_64-darwin": {
          "outputs": [
            {
              "name": "out",
              "path": "/nix/store/43ar5k2iz58xgv652ajrbl2q7s5rxcij-libyaml-0.2.5",
              "default": true
            },
            {
              "name": "dev",
              "path": "/nix/store/30yl7fv0ydbmf4ppsz3j8b2dldaas24k-libyaml-0.2.5-dev"
            }
          ],
          "store_path": "/nix/store/43ar5k2iz58xgv652ajrbl2q7s5rxcij-libyaml-0.2.5"
        },
        "x86_64-linux": {
          "outputs": [
            {
              "name": "out",
              "path": "/nix/store/vg0afp6lmdrs4li4q4viry8blf5pbjrr-libyaml-0.2.5",
              "default": true
            },
            {
              "name": "dev",
              "path": "/nix/store/ndjrn9a0xhs1gzw1dssnk5icy1fhimxp-libyaml-0.2.5-dev"
            }
          ],
          "store_path": "/nix/store/vg0afp6lmdrs4li4q4viry8blf5pbjrr-libyaml-0.2.5"
        }
      }
    },
    "openssl.dev": {
      "resolved": "github:NixOS/nixpkgs/c633f572eded8c4f3c75b8010129854ed404a6ce?narHash=sha256-m63jjuo%2Fygo8ztkCziYh5OOIbTSXUDkKbqw3Vuqu4a4%3D#openssl.dev",
      "source": "nixpkg"
    },
    "openssl@latest": {
      "last_modified": "2025-12-05T06:24:47Z",
      "resolved": "github:NixOS/nixpkgs/42e29df35be6ef54091d3a3b4e97056ce0a98ce8#openssl",
      "source": "devbox-search",
      "version": "3.6.0",
      "systems": {
        "aarch64-darwin": {
          "outputs": [
            {
              "name": "bin",
              "path": "/nix/store/z9prisxci5h5lsk3rdknd4jzq7k9q13d-openssl-3.6.0-bin",
              "default": true
            },
            {
              "name": "man",
              "path": "/nix/store/ii9mnzr3i92mgk9dkgg65739mavd0j6f-openssl-3.6.0-man",
              "default": true
            },
            {
              "name": "dev",
              "path": "/nix/store/h0qgqik0mk0wn7rmm2kk3grfi1wzly74-openssl-3.6.0-dev"
            },
            {
              "name": "doc",
              "path": "/nix/store/yx3ip21fdaaxpjn5fbir02mqnaw9cm4f-openssl-3.6.0-doc"
            },
            {
              "name": "out",
              "path": "/nix/store/3z54dgks2mz3dhwddj158sdibll8xmq5-openssl-3.6.0"
            }
          ],
          "store_path": "/nix/store/z9prisxci5h5lsk3rdknd4jzq7k9q13d-openssl-3.6.0-bin"
        },
        "aarch64-linux": {
          "outputs": [
            {
              "name": "bin",
              "path": "/nix/store/wb6q44n9kcb5acmaa4rgqsajadx1fhhl-openssl-3.6.0-bin",
              "default": true
            },
            {
              "name": "man",
              "path": "/nix/store/c9n1alb7ypzjvzd47m16fiwfczz23qs3-openssl-3.6.0-man",
              "default": true
            },
            {
              "name": "debug",
              "path": "/nix/store/ci6d4k1sj4bnr892lsrqqmjiihqsk0bl-openssl-3.6.0-debug"
            },
            {
              "name": "dev",
              "path": "/nix/store/pq8b7fb3282g68pmk14mbyi20qn6chid-openssl-3.6.0-dev"
            },
            {
              "name": "doc",
              "path": "/nix/store/vaplp6w56dyz38986bgkf0pbg3r486b2-openssl-3.6.0-doc"
            },
            {
              "name": "out",
              "path": "/nix/store/nj50gkyx813dxvfmsg1q8m330hmf3h86-openssl-3.6.0"
            }
          ],
          "store_path": "/nix/store/wb6q44n9kcb5acmaa4rgqsajadx1fhhl-openssl-3.6.0-bin"
        },
        "x86_64-darwin": {
          "outputs": [
            {
              "name": "bin",
              "path": "/nix/store/m3xwn9n0jypwjgi256idfzs979g30j29-openssl-3.6.0-bin",
              "default": true
            },
            {
              "name": "man",
              "path": "/nix/store/hw43f3y1vl7ydrd4samnwnrwqqwkpisv-openssl-3.6.0-man",
              "default": true
            },
            {
              "name": "dev",
              "path": "/nix/store/dirjrfjk8jgsbdpslgb51cav6qaxn2vm-openssl-3.6.0-dev"
            },
            {
              "name": "doc",
              "path": "/nix/store/va1zhkz0nfmycvd0h239hi4w40qgaxcx-openssl-3.6.0-doc"
            },
            {
              "name": "out",
              "path": "/nix/store/q9a4wssx24xsy28w8kifdqizc01fh7sc-openssl-3.6.0"
            }
          ],
          "store_path": "/nix/store/m3xwn9n0jypwjgi256idfzs979g30j29-openssl-3.6.0-bin"
        },
        "x86_64-linux": {
          "outputs": [
            {
              "name": "bin",
              "path": "/nix/store/k0gl1zc7f5hk87lylxwbipb0b870bcmk-openssl-3.6.0-bin",
              "default": true
            },
            {
              "name": "man",
              "path": "/nix/store/a9jdl6xq9fc98ykpvqmc9kf0b0j9y8wh-openssl-3.6.0-man",
              "default": true
            },
            {
              "name": "debug",
              "path": "/nix/store/sqv8kbdgfxlr2d6nysr8c2715qpsi6f5-openssl-3.6.0-debug"
            },
            {
              "name": "dev",
              "path": "/nix/store/ydrckgnllgg8nmhdwni81h7xhcpnrlhd-openssl-3.6.0-dev"
            },
            {
              "name": "doc",
              "path": "/nix/store/cgp9ig35iwicfb9spcrgyg2m5dmlcgrv-openssl-3.6.0-doc"
            },
            {
              "name": "out",
              "path": "/nix/store/61i74yjkj9p1qphfl7018ja4sdwkipx0-openssl-3.6.0"
            }
          ],
          "store_path": "/nix/store/k0gl1zc7f5hk87lylxwbipb0b870bcmk-openssl-3.6.0-bin"
        }
      }
    },
    "pkg-config@latest": {
      "last_modified": "2025-11-23T21:50:36Z",
      "resolved": "github:NixOS/nixpkgs/ee09932cedcef15aaf476f9343d1dea2cb77e261#pkg-config",
      "source": "devbox-search",
      "version": "0.29.2",
      "systems": {
        "aarch64-darwin": {
          "outputs": [
            {
              "name": "out",
              "path": "/nix/store/hygaaqwk9ylklp0ybwppqhw75nz8ya41-pkg-config-wrapper-0.29.2",
              "default": true
            },
            {
              "name": "man",
              "path": "/nix/store/9px0sji43x3r2w4zxl3j3idwsql7lwxx-pkg-config-wrapper-0.29.2-man",
              "default": true
            },
            {
              "name": "doc",
              "path": "/nix/store/hqk44ra6qxw7iixardl6c3hdgb9kq6ns-pkg-config-wrapper-0.29.2-doc"
            }
          ],
          "store_path": "/nix/store/hygaaqwk9ylklp0ybwppqhw75nz8ya41-pkg-config-wrapper-0.29.2"
        },
        "aarch64-linux": {
          "outputs": [
            {
              "name": "out",
              "path": "/nix/store/lbiigi8qbp7mzf1lpr7p982l1kyf01ql-pkg-config-wrapper-0.29.2",
              "default": true
            },
            {
              "name": "man",
              "path": "/nix/store/10060k24qggqyzlwdsfmni9y32zxcg0j-pkg-config-wrapper-0.29.2-man",
              "default": true
            },
            {
              "name": "doc",
              "path": "/nix/store/0y4v51ndpyvkj09hwlfqkz0c3h17zfmc-pkg-config-wrapper-0.29.2-doc"
            }
          ],
          "store_path": "/nix/store/lbiigi8qbp7mzf1lpr7p982l1kyf01ql-pkg-config-wrapper-0.29.2"
        },
        "x86_64-darwin": {
          "outputs": [
            {
              "name": "out",
              "path": "/nix/store/vknadizq0q5kffvx6y4379p9gdry9zq3-pkg-config-wrapper-0.29.2",
              "default": true
            },
            {
              "name": "man",
              "path": "/nix/store/1nyspra675q22gfhf7hn2nmfpi6rgim5-pkg-config-wrapper-0.29.2-man",
              "default": true
            },
            {
              "name": "doc",
              "path": "/nix/store/7lq1axxwrafwljs06n88bzyz9w523rkc-pkg-config-wrapper-0.29.2-doc"
            }
          ],
          "store_path": "/nix/store/vknadizq0q5kffvx6y4379p9gdry9zq3-pkg-config-wrapper-0.29.2"
        },
        "x86_64-linux": {
          "outputs": [
            {
              "name": "out",
              "path": "/nix/store/8vdiwpbh0g4avsd6x5v4s0di32vcl3dp-pkg-config-wrapper-0.29.2",
              "default": true
            },
            {
              "name": "man",
              "path": "/nix/store/j9xfpnrygg3v37svc5pfin9q5bm49r94-pkg-config-wrapper-0.29.2-man",
              "default": true
            },
            {
              "name": "doc",
              "path": "/nix/store/x3bypxdxaq20kykybhkf21x4jczsiy8y-pkg-config-wrapper-0.29.2-doc"
            }
          ],
          "store_path": "/nix/store/8vdiwpbh0g4avsd6x5v4s0di32vcl3dp-pkg-config-wrapper-0.29.2"
        }
      }
    },
    "postgresql@latest": {
      "last_modified": "2025-12-21T10:48:17Z",
      "plugin_version": "0.0.2",
      "resolved": "github:NixOS/nixpkgs/306ea70f9eb0fb4e040f8540e2deab32ed7e2055#postgresql",
      "source": "devbox-search",
      "version": "17.7",
      "systems": {
        "aarch64-darwin": {
          "outputs": [
            {
              "name": "out",
              "path": "/nix/store/1r3winn5zfalbmwinc6lq88b9xraby8a-postgresql-17.7",
              "default": true
            },
            {
              "name": "man",
              "path": "/nix/store/dj5ziqm1qamn4bxf686fj08rzpp400wa-postgresql-17.7-man",
              "default": true
            },
            {
              "name": "jit",
              "path": "/nix/store/71r1n46jc3g3j43gvdg9b6q33bw3bx55-postgresql-17.7-jit"
            },
            {
              "name": "pltcl",
              "path": "/nix/store/nbhgray24frq0wk7ysbd05wx08wwlymh-postgresql-17.7-pltcl"
            },
            {
              "name": "dev",
              "path": "/nix/store/mrvyg7p7zl2v65bjkll6ajry4nm1vf5n-postgresql-17.7-dev"
            },
            {
              "name": "doc",
              "path": "/nix/store/n78ml6ksw0s2dxk7ic1gh28hmb6ycd1k-postgresql-17.7-doc"
            },
            {
              "name": "lib",
              "path": "/nix/store/gkgw7kfwcp5a3pqzw09jqzhszrhkaiq5-postgresql-17.7-lib"
            },
            {
              "name": "plperl",
              "path": "/nix/store/107mlxrvyrcv103i4amyx7d4jsdpg4ii-postgresql-17.7-plperl"
            },
            {
              "name": "plpython3",
              "path": "/nix/store/s89wqamhx0g8dhkfhs8y9ldlyxwfivpd-postgresql-17.7-plpython3"
            }
          ],
          "store_path": "/nix/store/1r3winn5zfalbmwinc6lq88b9xraby8a-postgresql-17.7"
        },
        "aarch64-linux": {
          "outputs": [
            {
              "name": "out",
              "path": "/nix/store/zf2820zfkfksdk8sfm3w9dckl8xszlwp-postgresql-17.7",
              "default": true
            },
            {
              "name": "man",
              "path": "/nix/store/a1qcrfk56mh3vyark65rvmz9y02rnwiw-postgresql-17.7-man",
              "default": true
            },
            {
              "name": "debug",
              "path": "/nix/store/07d3nmjmm625xsy5w50v8hs8xxi78gs2-postgresql-17.7-debug"
            },
            {
              "name": "dev",
              "path": "/nix/store/gnn65ifxb4vxfqqmsz181jb50bdm1ddw-postgresql-17.7-dev"
            },
            {
              "name": "doc",
              "path": "/nix/store/hpc3lmc215wv6dg4vxism4nkr0vaf5kf-postgresql-17.7-doc"
            },
            {
              "name": "jit",
              "path": "/nix/store/mg2l11akzzg3biy06pcrsbnms95rv5sk-postgresql-17.7-jit"
            },
            {
              "name": "lib",
              "path": "/nix/store/3sd6wqh57cnsniqwji06nkjqs62621w9-postgresql-17.7-lib"
            },
            {
              "name": "plpython3",
              "path": "/nix/store/x4ry31m2gq8yzyf19lp7pa7iyg4skra6-postgresql-17.7-plpython3"
            },
            {
              "name": "plperl",
              "path": "/nix/store/q0xfwfc7pi0vdhj60s8jrixn8r0an0gq-postgresql-17.7-plperl"
            },
            {
              "name": "pltcl",
              "path": "/nix/store/wk1642q21p2gh94457nxa4ndlizfl54h-postgresql-17.7-pltcl"
            }
          ],
          "store_path": "/nix/store/zf2820zfkfksdk8sfm3w9dckl8xszlwp-postgresql-17.7"
        },
        "x86_64-darwin": {
          "outputs": [
            {
              "name": "out",
              "path": "/nix/store/k29fa39ca5bbdg4wli3zb9lc4dzmnpl6-postgresql-17.7",
              "default": true
            },
            {
              "name": "man",
              "path": "/nix/store/g7fk07mbv5z7zb6di313jsr2d22ilghj-postgresql-17.7-man",
              "default": true
            },
            {
              "name": "plpython3",
              "path": "/nix/store/8wjjgmmjnaa66mgrv7fnk3sq9s4bj6jn-postgresql-17.7-plpython3"
            },
            {
              "name": "pltcl",
              "path": "/nix/store/zrihs39fvsg98fkydrrcn738qkyl44f8-postgresql-17.7-pltcl"
            },
            {
              "name": "jit",
              "path": "/nix/store/4l0v5qzkrpyx1j3x27nafh3wv6dl7fk8-postgresql-17.7-jit"
            },
            {
              "name": "lib",
              "path": "/nix/store/1zraq1plnja6slvm7nsjajql0w2r13xh-postgresql-17.7-lib"
            },
            {
              "name": "plperl",
              "path": "/nix/store/3wz08r6904nja561g87y9lnimr899iha-postgresql-17.7-plperl"
            },
            {
              "name": "dev",
              "path": "/nix/store/9by238ra0dyyl6cgffi8815cvys7avb0-postgresql-17.7-dev"
            },
            {
              "name": "doc",
              "path": "/nix/store/2qicjyqc6az614ih1k4znsgimv8xryqa-postgresql-17.7-doc"
            }
          ],
          "store_path": "/nix/store/k29fa39ca5bbdg4wli3zb9lc4dzmnpl6-postgresql-17.7"
        },
        "x86_64-linux": {
          "outputs": [
            {
              "name": "out",
              "path": "/nix/store/hkhbalgmx1669niw8jg648vbqs3mdxkv-postgresql-17.7",
              "default": true
            },
            {
              "name": "man",
              "path": "/nix/store/1vmp92d903jjf4m5jb1zxhy5q7lpw4rj-postgresql-17.7-man",
              "default": true
            },
            {
              "name": "doc",
              "path": "/nix/store/lan4adw325nkizls7m9s8aw50bj57xlr-postgresql-17.7-doc"
            },
            {
              "name": "jit",
              "path": "/nix/store/3wnpb9lmkb2car15wsnh0jni2r5s26ri-postgresql-17.7-jit"
            },
            {
              "name": "pltcl",
              "path": "/nix/store/5xw9m3d3ya7a3465kp4h2b5kykjnbwgp-postgresql-17.7-pltcl"
            },
            {
              "name": "debug",
              "path": "/nix/store/v574nvjrvvq3d61n3sz5zlbhq2cfdswp-postgresql-17.7-debug"
            },
            {
              "name": "dev",
              "path": "/nix/store/s2g1pc44iip8kslvs9y03x6x0h83g6p3-postgresql-17.7-dev"
            },
            {
              "name": "lib",
              "path": "/nix/store/5225f1ish8km9ka30g7d3pbkr5bm191d-postgresql-17.7-lib"
            },
            {
              "name": "plperl",
              "path": "/nix/store/ndsb1zlfy750ngfzqkjpsvmllvhdvwcc-postgresql-17.7-plperl"
            },
            {
              "name": "plpython3",
              "path": "/nix/store/q5ly90dah4k5kxniqzjm73rfglab3mxz-postgresql-17.7-plpython3"
            }
          ],
          "store_path": "/nix/store/hkhbalgmx1669niw8jg648vbqs3mdxkv-postgresql-17.7"
        }
      }
    },
    "ruby_3_3@latest": {
      "last_modified": "2024-09-10T15:01:03Z",
      "plugin_version": "0.0.2",
      "resolved": "github:NixOS/nixpkgs/5ed627539ac84809c78b2dd6d26a5cebeb5ae269#ruby",
      "source": "devbox-search",
      "version": "3.3.4",
      "systems": {
        "aarch64-darwin": {
          "outputs": [
            {
              "name": "out",
              "path": "/nix/store/zsngi7cq7asxc6kb0lcmbyydasfrmai6-ruby-3.3.4",
              "default": true
            },
            {
              "name": "devdoc",
              "path": "/nix/store/c0zmjmfw5pp00slwy842bd8zzy74pava-ruby-3.3.4-devdoc"
            }
          ],
          "store_path": "/nix/store/zsngi7cq7asxc6kb0lcmbyydasfrmai6-ruby-3.3.4"
        },
        "aarch64-linux": {
          "outputs": [
            {
              "name": "out",
              "path": "/nix/store/8vri7d6b75gspvnfrdpqnagfi5bbvis9-ruby-3.3.4",
              "default": true
            },
            {
              "name": "devdoc",
              "path": "/nix/store/bfrwr1n6pxd3hz31h589j317g290p0r5-ruby-3.3.4-devdoc"
            }
          ],
          "store_path": "/nix/store/8vri7d6b75gspvnfrdpqnagfi5bbvis9-ruby-3.3.4"
        },
        "x86_64-darwin": {
          "outputs": [
            {
              "name": "out",
              "path": "/nix/store/hksac0axpx3savrgmy75rid3smv0d9nj-ruby-3.3.4",
              "default": true
            },
            {
              "name": "devdoc",
              "path": "/nix/store/3564jxjgp9dk8vzjwb7i3fpzkpw74z3m-ruby-3.3.4-devdoc"
            }
          ],
          "store_path": "/nix/store/hksac0axpx3savrgmy75rid3smv0d9nj-ruby-3.3.4"
        },
        "x86_64-linux": {
          "outputs": [
            {
              "name": "out",
              "path": "/nix/store/2vg3asd3rmhng3wqvp781a1q5dhrr4yn-ruby-3.3.4",
              "default": true
            },
            {
              "name": "devdoc",
              "path": "/nix/store/2vgrf69lcz8ipawxipza3w7gsqdnbbnk-ruby-3.3.4-devdoc"
            }
          ],
          "store_path": "/nix/store/2vg3asd3rmhng3wqvp781a1q5dhrr4yn-ruby-3.3.4"
        }
      }
    }
  }
}
